
Microsoft Visual Studio Solution File, Format Version 12.00
# Visual Studio Version 17
VisualStudioVersion = 17.14.36603.0 d17.14
MinimumVisualStudioVersion = 10.0.40219.1
Project("{FAE04EC0-301F-11D3-BF4B-00C04F79EFBC}") = "MetalSelling", "MetalSelling\MetalSelling.csproj", "{3D4E7153-C2B8-435B-8153-ECA09728EA22}"
EndProject
Global
	GlobalSection(SolutionConfigurationPlatforms) = preSolution
		Debug|Any CPU = Debug|Any CPU
		Release|Any CPU = Release|Any CPU
	EndGlobalSection
	GlobalSection(ProjectConfigurationPlatforms) = postSolution
		{3D4E7153-C2B8-435B-8153-ECA09728EA22}.Debug|Any CPU.ActiveCfg = Debug|Any CPU
		{3D4E7153-C2B8-435B-8153-ECA09728EA22}.Debug|Any CPU.Build.0 = Debug|Any CPU
		{3D4E7153-C2B8-435B-8153-ECA09728EA22}.Release|Any CPU.ActiveCfg = Release|Any CPU
		{3D4E7153-C2B8-435B-8153-ECA09728EA22}.Release|Any CPU.Build.0 = Release|Any CPU
	EndGlobalSection
	GlobalSection(SolutionProperties) = preSolution
		HideSolutionNode = FALSE
	EndGlobalSection
	GlobalSection(ExtensibilityGlobals) = postSolution
		SolutionGuid = {7C5DCD70-FD9C-434C-A616-1A70349C0FF2}
	EndGlobalSection
EndGlobal
